Microsoft Visual Studio Solution File, Format Version 12.00
# Visual Studio 2012
Project("{FAE04EC0-301F-11D3-BF4B-00C04F79EFBC}") = "Multiplayer Lan Tutorial CSharp", "Multiplayer Lan Tutorial CSharp.csproj", "{A3B8A2B1-6B7A-450E-B02A-FCB01D4243BE}"
EndProject
Global
	GlobalSection(SolutionConfigurationPlatforms) = preSolution
	Debug|Any CPU = Debug|Any CPU
	ExportDebug|Any CPU = ExportDebug|Any CPU
	ExportRelease|Any CPU = ExportRelease|Any CPU
	EndGlobalSection
	GlobalSection(ProjectConfigurationPlatforms) = postSolution
		{A3B8A2B1-6B7A-450E-B02A-FCB01D4243BE}.Debug|Any CPU.ActiveCfg = Debug|Any CPU
		{A3B8A2B1-6B7A-450E-B02A-FCB01D4243BE}.Debug|Any CPU.Build.0 = Debug|Any CPU
		{A3B8A2B1-6B7A-450E-B02A-FCB01D4243BE}.ExportDebug|Any CPU.ActiveCfg = ExportDebug|Any CPU
		{A3B8A2B1-6B7A-450E-B02A-FCB01D4243BE}.ExportDebug|Any CPU.Build.0 = ExportDebug|Any CPU
		{A3B8A2B1-6B7A-450E-B02A-FCB01D4243BE}.ExportRelease|Any CPU.ActiveCfg = ExportRelease|Any CPU
		{A3B8A2B1-6B7A-450E-B02A-FCB01D4243BE}.ExportRelease|Any CPU.Build.0 = ExportRelease|Any CPU
	EndGlobalSection
EndGlobal
